
Microsoft Visual Studio Solution File, Format Version 12.00
# Visual Studio Version 17
VisualStudioVersion = 17.3.32811.315
MinimumVisualStudioVersion = 10.0.40219.1
Project("{FAE04EC0-301F-11D3-BF4B-00C04F79EFBC}") = "AlgoritmoBusqueda-2023-II", "AlgoritmoBusqueda-2023-II.csproj", "{699CD4F3-E607-4ED8-9BCC-AA3FBC1818BB}"
EndProject
Global
	GlobalSection(SolutionConfigurationPlatforms) = preSolution
		Debug|Any CPU = Debug|Any CPU
		Release|Any CPU = Release|Any CPU
	EndGlobalSection
	GlobalSection(ProjectConfigurationPlatforms) = postSolution
		{699CD4F3-E607-4ED8-9BCC-AA3FBC1818BB}.Debug|Any CPU.ActiveCfg = Debug|Any CPU
		{699CD4F3-E607-4ED8-9BCC-AA3FBC1818BB}.Debug|Any CPU.Build.0 = Debug|Any CPU
		{699CD4F3-E607-4ED8-9BCC-AA3FBC1818BB}.Release|Any CPU.ActiveCfg = Release|Any CPU
		{699CD4F3-E607-4ED8-9BCC-AA3FBC1818BB}.Release|Any CPU.Build.0 = Release|Any CPU
	EndGlobalSection
	GlobalSection(SolutionProperties) = preSolution
		HideSolutionNode = FALSE
	EndGlobalSection
	GlobalSection(ExtensibilityGlobals) = postSolution
		SolutionGuid = {C850D6AD-2D29-4B83-9FB1-13AE002C3734}
	EndGlobalSection
EndGlobal
